
Microsoft Visual Studio Solution File, Format Version 12.00
# Visual Studio Version 17
VisualStudioVersion = 17.4.33103.184
MinimumVisualStudioVersion = 10.0.40219.1
Project("{FAE04EC0-301F-11D3-BF4B-00C04F79EFBC}") = "HetWeer", "HetWeer\HetWeer.csproj", "{65050BA1-8EA5-4705-B797-C8AB39176A71}"
EndProject
Project("{FAE04EC0-301F-11D3-BF4B-00C04F79EFBC}") = "Shop.Dal", "Shop.Dal\Shop.Dal.csproj", "{120C7906-86F0-4399-BC4E-B2266D2ED3AB}"
EndProject
Global
	GlobalSection(SolutionConfigurationPlatforms) = preSolution
		Debug|Any CPU = Debug|Any CPU
		Release|Any CPU = Release|Any CPU
	EndGlobalSection
	GlobalSection(ProjectConfigurationPlatforms) = postSolution
		{65050BA1-8EA5-4705-B797-C8AB39176A71}.Debug|Any CPU.ActiveCfg = Debug|Any CPU
		{65050BA1-8EA5-4705-B797-C8AB39176A71}.Debug|Any CPU.Build.0 = Debug|Any CPU
		{65050BA1-8EA5-4705-B797-C8AB39176A71}.Release|Any CPU.ActiveCfg = Release|Any CPU
		{65050BA1-8EA5-4705-B797-C8AB39176A71}.Release|Any CPU.Build.0 = Release|Any CPU
		{120C7906-86F0-4399-BC4E-B2266D2ED3AB}.Debug|Any CPU.ActiveCfg = Debug|Any CPU
		{120C7906-86F0-4399-BC4E-B2266D2ED3AB}.Debug|Any CPU.Build.0 = Debug|Any CPU
		{120C7906-86F0-4399-BC4E-B2266D2ED3AB}.Release|Any CPU.ActiveCfg = Release|Any CPU
		{120C7906-86F0-4399-BC4E-B2266D2ED3AB}.Release|Any CPU.Build.0 = Release|Any CPU
	EndGlobalSection
	GlobalSection(SolutionProperties) = preSolution
		HideSolutionNode = FALSE
	EndGlobalSection
	GlobalSection(ExtensibilityGlobals) = postSolution
		SolutionGuid = {CA851536-F6BF-4DA4-9448-58ED4271A819}
	EndGlobalSection
EndGlobal
