
Microsoft Visual Studio Solution File, Format Version 12.00
# Visual Studio Version 17
VisualStudioVersion = 17.4.33103.184
MinimumVisualStudioVersion = 10.0.40219.1
Project("{9A19103F-16F7-4668-BE54-9A1E7A4F7556}") = "Shop.Dal", "Shop.Dal\Shop.Dal.csproj", "{120C7906-86F0-4399-BC4E-B2266D2ED3AB}"
EndProject
Project("{9A19103F-16F7-4668-BE54-9A1E7A4F7556}") = "TheWebClient", "TheWebClient\TheWebClient.csproj", "{7FE8518F-89B8-4D68-9F9B-89634AB5B172}"
EndProject
Project("{9A19103F-16F7-4668-BE54-9A1E7A4F7556}") = "TheBackEnd", "TheBackEnd\TheBackEnd.csproj", "{76031DDD-A69C-4E2B-98C3-FD4E0C04E9C1}"
EndProject
Global
	GlobalSection(SolutionConfigurationPlatforms) = preSolution
		Debug|Any CPU = Debug|Any CPU
		Release|Any CPU = Release|Any CPU
	EndGlobalSection
	GlobalSection(ProjectConfigurationPlatforms) = postSolution
		{120C7906-86F0-4399-BC4E-B2266D2ED3AB}.Debug|Any CPU.ActiveCfg = Debug|Any CPU
		{120C7906-86F0-4399-BC4E-B2266D2ED3AB}.Debug|Any CPU.Build.0 = Debug|Any CPU
		{120C7906-86F0-4399-BC4E-B2266D2ED3AB}.Release|Any CPU.ActiveCfg = Release|Any CPU
		{120C7906-86F0-4399-BC4E-B2266D2ED3AB}.Release|Any CPU.Build.0 = Release|Any CPU
		{7FE8518F-89B8-4D68-9F9B-89634AB5B172}.Debug|Any CPU.ActiveCfg = Debug|Any CPU
		{7FE8518F-89B8-4D68-9F9B-89634AB5B172}.Debug|Any CPU.Build.0 = Debug|Any CPU
		{7FE8518F-89B8-4D68-9F9B-89634AB5B172}.Release|Any CPU.ActiveCfg = Release|Any CPU
		{7FE8518F-89B8-4D68-9F9B-89634AB5B172}.Release|Any CPU.Build.0 = Release|Any CPU
		{76031DDD-A69C-4E2B-98C3-FD4E0C04E9C1}.Debug|Any CPU.ActiveCfg = Debug|Any CPU
		{76031DDD-A69C-4E2B-98C3-FD4E0C04E9C1}.Debug|Any CPU.Build.0 = Debug|Any CPU
		{76031DDD-A69C-4E2B-98C3-FD4E0C04E9C1}.Release|Any CPU.ActiveCfg = Release|Any CPU
		{76031DDD-A69C-4E2B-98C3-FD4E0C04E9C1}.Release|Any CPU.Build.0 = Release|Any CPU
	EndGlobalSection
	GlobalSection(SolutionProperties) = preSolution
		HideSolutionNode = FALSE
	EndGlobalSection
	GlobalSection(ExtensibilityGlobals) = postSolution
		SolutionGuid = {CA851536-F6BF-4DA4-9448-58ED4271A819}
	EndGlobalSection
EndGlobal
